
Microsoft Visual Studio Solution File, Format Version 12.00
# Visual Studio Version 17
VisualStudioVersion = 17.11.35303.130
MinimumVisualStudioVersion = 10.0.40219.1
Project("{FAE04EC0-301F-11D3-BF4B-00C04F79EFBC}") = "JournalAbstractScraper_Console", "JournalAbstractScraper_Console\JournalAbstractScraper_Console.csproj", "{B1804C6C-1DE0-45DB-AF07-7D1463C41664}"
EndProject
Global
	GlobalSection(SolutionConfigurationPlatforms) = preSolution
		Debug|Any CPU = Debug|Any CPU
		Release|Any CPU = Release|Any CPU
	EndGlobalSection
	GlobalSection(ProjectConfigurationPlatforms) = postSolution
		{B1804C6C-1DE0-45DB-AF07-7D1463C41664}.Debug|Any CPU.ActiveCfg = Debug|Any CPU
		{B1804C6C-1DE0-45DB-AF07-7D1463C41664}.Debug|Any CPU.Build.0 = Debug|Any CPU
		{B1804C6C-1DE0-45DB-AF07-7D1463C41664}.Release|Any CPU.ActiveCfg = Release|Any CPU
		{B1804C6C-1DE0-45DB-AF07-7D1463C41664}.Release|Any CPU.Build.0 = Release|Any CPU
	EndGlobalSection
	GlobalSection(SolutionProperties) = preSolution
		HideSolutionNode = FALSE
	EndGlobalSection
	GlobalSection(ExtensibilityGlobals) = postSolution
		SolutionGuid = {3D3773D1-DC3E-4FCC-B4EE-F2F99A92BF43}
	EndGlobalSection
EndGlobal
